
Microsoft Visual Studio Solution File, Format Version 12.00
# Visual Studio 15
VisualStudioVersion = 15.0.28307.421
MinimumVisualStudioVersion = 10.0.40219.1
Project("{2150E333-8FDC-42A3-9474-1A3956D46DE8}") = "Domain Layer", "Domain Layer", "{2C9EA76F-3605-49D7-BB5C-5A6F412DCE05}"
EndProject
Project("{2150E333-8FDC-42A3-9474-1A3956D46DE8}") = "Infrastructure Layer", "Infrastructure Layer", "{086AD4EF-259F-4626-B660-F0E4A4AFE41B}"
EndProject
Project("{2150E333-8FDC-42A3-9474-1A3956D46DE8}") = "Site", "Site", "{B8D1BF86-90C2-4FE8-9EB8-24FE057ACA82}"
EndProject
Project("{2150E333-8FDC-42A3-9474-1A3956D46DE8}") = "Presentation Layer", "Presentation Layer", "{78C2A3DC-67BD-4746-8669-1A91C25F3CFB}"
EndProject
Project("{2150E333-8FDC-42A3-9474-1A3956D46DE8}") = "Application Layer", "Application Layer", "{6D37D32D-9D22-4D3E-80F2-778867432F80}"
EndProject
Project("{2150E333-8FDC-42A3-9474-1A3956D46DE8}") = "Persistence", "Persistence", "{183AC6CE-1574-4BD3-BB4A-3365A5A8F73A}"
EndProject
Project("{FAE04EC0-301F-11D3-BF4B-00C04F79EFBC}") = "AplombTech.WMS.Site", "Site\AplombTech.WMS.Site\AplombTech.WMS.Site.csproj", "{7CD265ED-F0A1-423A-9AC5-B6E41A66F858}"
EndProject
Project("{2150E333-8FDC-42A3-9474-1A3956D46DE8}") = "MQTT Client", "MQTT Client", "{A8B01F62-FA2B-4345-9E89-5CCD828BD9D1}"
EndProject
Project("{FAE04EC0-301F-11D3-BF4B-00C04F79EFBC}") = "AplombTech.MQTTLib", "Infrastructure\AplombTech.WMS.MQTT.Client\AplombTech.MQTTLib.csproj", "{34801C75-C666-4783-83CE-F1DFCD4208F4}"
EndProject
Project("{2150E333-8FDC-42A3-9474-1A3956D46DE8}") = "Logger", "Logger", "{90D6828D-A42C-4454-92F9-64041D179653}"
EndProject
Project("{FAE04EC0-301F-11D3-BF4B-00C04F79EFBC}") = "AplombTech.Logging", "Infrastructure\AplombTech.WMS.Logging\AplombTech.Logging.csproj", "{5B70DAC1-0F48-4C14-85FF-1D4412032E02}"
EndProject
Project("{2150E333-8FDC-42A3-9474-1A3956D46DE8}") = "Encryption Decryption", "Encryption Decryption", "{CD0AFF5F-05D1-486B-BADC-23DF00398353}"
EndProject
Project("{FAE04EC0-301F-11D3-BF4B-00C04F79EFBC}") = "AplombTech.CryptoLib", "Infrastructure\AplombTech.CryptoLib\AplombTech.CryptoLib.csproj", "{AD26B877-4368-418B-A20B-9E796DCF6854}"
EndProject
Project("{FAE04EC0-301F-11D3-BF4B-00C04F79EFBC}") = "AplombTech.WMS.QueryModel", "Domain\AplombTech.WMS.QueryModel\AplombTech.WMS.QueryModel.csproj", "{53B3230D-C147-4E26-A5E2-2189DC13C9D2}"
EndProject
Project("{2150E333-8FDC-42A3-9474-1A3956D46DE8}") = "JsonParser", "JsonParser", "{0B471E6A-7A1F-4260-AD9B-4DC58FC8C23C}"
EndProject
Project("{FAE04EC0-301F-11D3-BF4B-00C04F79EFBC}") = "AplombTech.WMS.JsonParser", "Infrastructure\AplombTech.WMS.JsonParser\AplombTech.WMS.JsonParser.csproj", "{D64FE817-7A39-455E-AA81-AC8201659990}"
EndProject
Project("{2150E333-8FDC-42A3-9474-1A3956D46DE8}") = "NServiceBusMessage", "NServiceBusMessage", "{C210A9C9-92BD-41DF-A821-4C21EAF3E483}"
EndProject
Project("{FAE04EC0-301F-11D3-BF4B-00C04F79EFBC}") = "AplombTech.WMS.Messages", "Infrastructure\AplombTech.WMS.Messages\AplombTech.WMS.Messages.csproj", "{5104D6F2-54A9-4C43-B49D-84FA2A4F7CC0}"
EndProject
Project("{FAE04EC0-301F-11D3-BF4B-00C04F79EFBC}") = "AplombTech.WMS.Persistence", "Infrastructure\AplombTech.WMS.Persistence\AplombTech.WMS.Persistence.csproj", "{07383CCC-B5AB-499D-AC1C-25BFA183C9B3}"
EndProject
Project("{2150E333-8FDC-42A3-9474-1A3956D46DE8}") = "Utility", "Utility", "{50E37B12-BA6B-4105-88B0-B1B35174B837}"
EndProject
Project("{FAE04EC0-301F-11D3-BF4B-00C04F79EFBC}") = "AplombTech.WMS.Utility", "Infrastructure\AplombTech.WMS.Utility\AplombTech.WMS.Utility.csproj", "{52EA4CB2-2FE4-44AF-A638-4B1A1F9786EF}"
EndProject
Project("{FAE04EC0-301F-11D3-BF4B-00C04F79EFBC}") = "AplombTech.WMS.BaseDataLayer", "Infrastructure\AplombTech.WMS.BaseDataLayer\AplombTech.WMS.BaseDataLayer.csproj", "{19F6B495-CAC3-4467-A109-90452C77CC14}"
EndProject
Project("{FAE04EC0-301F-11D3-BF4B-00C04F79EFBC}") = "AplombTech.WMS.Utility.NakedObjects", "Infrastructure\AplombTech.WMS.Utility.NakedObjects\AplombTech.WMS.Utility.NakedObjects.csproj", "{79A83DC9-F113-437A-972C-FB42B59798A3}"
EndProject
Project("{FAE04EC0-301F-11D3-BF4B-00C04F79EFBC}") = "AplombTech.WMS.CompanyDatabase", "Infrastructure\AplombTech.WMS.CompanyDatabase\AplombTech.WMS.CompanyDatabase.csproj", "{34AEA7A5-D0DF-46F6-8893-458CFBC72F72}"
EndProject
Project("{FAE04EC0-301F-11D3-BF4B-00C04F79EFBC}") = "AplombTech.WMS.UserAccount.BoundedContext", "Infrastructure\AplombTech.WMS.UserAccount.BoundedContext\AplombTech.WMS.UserAccount.BoundedContext.csproj", "{6E2DB615-584C-42C1-A7F3-91611B891CAB}"
EndProject
Project("{FAE04EC0-301F-11D3-BF4B-00C04F79EFBC}") = "AplombTech.WMS.UserAccount.Repository", "Domain\AplombTech.WMS.UserAccount.Repository\AplombTech.WMS.UserAccount.Repository.csproj", "{742C9BC8-07A3-485F-9073-7D13A0877972}"
EndProject
Project("{FAE04EC0-301F-11D3-BF4B-00C04F79EFBC}") = "AplombTech.WMS.AlertBoundedContext", "Infrastructure\AplombTech.WMS.AlertBoundedContext\AplombTech.WMS.AlertBoundedContext.csproj", "{310D2A6A-A651-4A06-8237-65C5D7D2AD00}"
EndProject
Project("{FAE04EC0-301F-11D3-BF4B-00C04F79EFBC}") = "AplombTech.WMS.AlertRepository", "Domain\AplombTech.WMS.AlertRepository\AplombTech.WMS.AlertRepository.csproj", "{F44C7724-3D28-40E3-B548-5B50F1A95096}"
EndProject
Project("{FAE04EC0-301F-11D3-BF4B-00C04F79EFBC}") = "AplombTech.WMS.AreaBoundedContext", "Infrastructure\AplombTech.WMS.AreaBoundedContext\AplombTech.WMS.AreaBoundedContext.csproj", "{89D6ED8F-8011-4E5A-B0D7-5DCB9F629351}"
EndProject
Project("{FAE04EC0-301F-11D3-BF4B-00C04F79EFBC}") = "AplombTech.WMS.AreaRepositories", "Domain\AplombTech.WMS.AreaRepositories\AplombTech.WMS.AreaRepositories.csproj", "{A0482800-36F9-4192-A158-925987761BC9}"
EndProject
Project("{FAE04EC0-301F-11D3-BF4B-00C04F79EFBC}") = "AplombTech.WMS.DataProcessBoundedContext", "Infrastructure\AplombTech.WMS.DataProcessBoundedContext\AplombTech.WMS.DataProcessBoundedContext.csproj", "{0CA2E7B3-B0AA-4E15-AEC8-6ECED946BBF7}"
EndProject
Project("{FAE04EC0-301F-11D3-BF4B-00C04F79EFBC}") = "AplombTech.WMS.DataProcessRepository", "Domain\AplombTech.WMS.DataProcessRepository\AplombTech.WMS.DataProcessRepository.csproj", "{B1B97161-49E8-4D58-87FC-148DD42F9E37}"
EndProject
Project("{FAE04EC0-301F-11D3-BF4B-00C04F79EFBC}") = "AplombTech.WMS.DomainClasses", "Domain\AplombTech.WMS.DomainClasses\AplombTech.WMS.DomainClasses.csproj", "{C2A6F489-7C45-4D49-9C71-7AAC936BC724}"
EndProject
Project("{FAE04EC0-301F-11D3-BF4B-00C04F79EFBC}") = "AplombTech.WMS.SensorDataLogBoundedContext", "AplombTech.WMS.SensorDataLogBoundedContext\AplombTech.WMS.SensorDataLogBoundedContext.csproj", "{9D625F54-BAE9-49E7-BC05-CFBA1AF7E20C}"
EndProject
Project("{FAE04EC0-301F-11D3-BF4B-00C04F79EFBC}") = "AplombTech.WMS.Utility.Db", "Infrastructure\AplombTech.WMS.Utility.Db\AplombTech.WMS.Utility.Db.csproj", "{02331E59-5AD0-45F3-8CCE-308125D6BB14}"
EndProject
Project("{2150E333-8FDC-42A3-9474-1A3956D46DE8}") = "MicroServices", "MicroServices", "{7830B8CA-7D61-4E9E-B6F8-54ECEAAEA5DB}"
EndProject
Project("{2150E333-8FDC-42A3-9474-1A3956D46DE8}") = "MqttMessagingService", "MqttMessagingService", "{5CF8441F-17FA-4C84-89E9-6264224E1F00}"
EndProject
Project("{2150E333-8FDC-42A3-9474-1A3956D46DE8}") = "DataProcessingService", "DataProcessingService", "{86708675-053F-49A9-B569-9D7BAAC8C45E}"
EndProject
Project("{FAE04EC0-301F-11D3-BF4B-00C04F79EFBC}") = "AplombTech.WMS.MQTT.Data.Processor", "MicroServices\MqttMessagingService\AplombTech.WMS.MQTT.Data.Processor\AplombTech.WMS.MQTT.Data.Processor.csproj", "{6C9485AE-3E5A-4A1E-BD6C-8964A478E611}"
EndProject
Project("{FAE04EC0-301F-11D3-BF4B-00C04F79EFBC}") = "AplombTech.WMS.MQTT.Client", "MicroServices\MqttMessagingService\AplombTech.WMS.MQTT.Client\AplombTech.WMS.MQTT.Client.csproj", "{296045FB-E728-4027-AD04-F5DF72BDF030}"
EndProject
Project("{FAE04EC0-301F-11D3-BF4B-00C04F79EFBC}") = "AplombTech.WMS.MQTT.WindowsService", "MicroServices\MqttMessagingService\AplombTech.WMS.MQTT.WindowsService\AplombTech.WMS.MQTT.WindowsService.csproj", "{C0064388-708A-4AC4-B24F-A31E224B44A5}"
EndProject
Project("{FAE04EC0-301F-11D3-BF4B-00C04F79EFBC}") = "AplombTech.WMS.Data.Processor", "MicroServices\DataProcessingService\AplombTech.WMS.Data.Processor\AplombTech.WMS.Data.Processor.csproj", "{7D8D61FA-BE69-45F4-8F8A-0E7CE2ADA80E}"
EndProject
Project("{FAE04EC0-301F-11D3-BF4B-00C04F79EFBC}") = "AplombTechWMSDataProcessorConsoleApp", "MicroServices\DataProcessingService\AplombTechWMSDataProcessorConsoleApp\AplombTechWMSDataProcessorConsoleApp.csproj", "{5DDB398E-3BFC-4CE1-881D-9081FEE17969}"
EndProject
Project("{FAE04EC0-301F-11D3-BF4B-00C04F79EFBC}") = "AplombTech.WMS.Data.Processor.WindowsService", "MicroServices\DataProcessingService\AplombTech.WMS.Data.Processor.WindowsService\AplombTech.WMS.Data.Processor.WindowsService.csproj", "{3520308C-4953-4710-A7E2-B55EA59F369B}"
EndProject
Project("{2150E333-8FDC-42A3-9474-1A3956D46DE8}") = "SensorDataFeedbackJobService", "SensorDataFeedbackJobService", "{3C541F2C-4D6D-4355-BE78-E48219CDAD08}"
EndProject
Project("{FAE04EC0-301F-11D3-BF4B-00C04F79EFBC}") = "AplombTech.WMS.SensorDataFeedback.Service", "AplombTech.WMS.SensorDataFeedback.Service\AplombTech.WMS.SensorDataFeedback.Service.csproj", "{4CF5BC23-3290-4E25-9A69-8574438E7FDF}"
EndProject
Project("{FAE04EC0-301F-11D3-BF4B-00C04F79EFBC}") = "AplombTech.WMS.SensorDataFeedback.ConsoleApp", "AplombTech.WMS.SensorDataFeedback.ConsoleApp\AplombTech.WMS.SensorDataFeedback.ConsoleApp.csproj", "{D36B7611-6ECE-4C1C-9885-D0C4B0049372}"
EndProject
Global
	GlobalSection(SolutionConfigurationPlatforms) = preSolution
		CD_ROM|Any CPU = CD_ROM|Any CPU
		Debug|Any CPU = Debug|Any CPU
		DVD-5|Any CPU = DVD-5|Any CPU
		Release|Any CPU = Release|Any CPU
		SingleImage|Any CPU = SingleImage|Any CPU
	EndGlobalSection
	GlobalSection(ProjectConfigurationPlatforms) = postSolution
		{7CD265ED-F0A1-423A-9AC5-B6E41A66F858}.CD_ROM|Any CPU.ActiveCfg = Release|Any CPU
		{7CD265ED-F0A1-423A-9AC5-B6E41A66F858}.CD_ROM|Any CPU.Build.0 = Release|Any CPU
		{7CD265ED-F0A1-423A-9AC5-B6E41A66F858}.Debug|Any CPU.ActiveCfg = Debug|Any CPU
		{7CD265ED-F0A1-423A-9AC5-B6E41A66F858}.Debug|Any CPU.Build.0 = Debug|Any CPU
		{7CD265ED-F0A1-423A-9AC5-B6E41A66F858}.DVD-5|Any CPU.ActiveCfg = Debug|Any CPU
		{7CD265ED-F0A1-423A-9AC5-B6E41A66F858}.DVD-5|Any CPU.Build.0 = Debug|Any CPU
		{7CD265ED-F0A1-423A-9AC5-B6E41A66F858}.Release|Any CPU.ActiveCfg = Release|Any CPU
		{7CD265ED-F0A1-423A-9AC5-B6E41A66F858}.Release|Any CPU.Build.0 = Release|Any CPU
		{7CD265ED-F0A1-423A-9AC5-B6E41A66F858}.SingleImage|Any CPU.ActiveCfg = Release|Any CPU
		{7CD265ED-F0A1-423A-9AC5-B6E41A66F858}.SingleImage|Any CPU.Build.0 = Release|Any CPU
		{34801C75-C666-4783-83CE-F1DFCD4208F4}.CD_ROM|Any CPU.ActiveCfg = Release|Any CPU
		{34801C75-C666-4783-83CE-F1DFCD4208F4}.CD_ROM|Any CPU.Build.0 = Release|Any CPU
		{34801C75-C666-4783-83CE-F1DFCD4208F4}.Debug|Any CPU.ActiveCfg = Debug|Any CPU
		{34801C75-C666-4783-83CE-F1DFCD4208F4}.Debug|Any CPU.Build.0 = Debug|Any CPU
		{34801C75-C666-4783-83CE-F1DFCD4208F4}.DVD-5|Any CPU.ActiveCfg = Debug|Any CPU
		{34801C75-C666-4783-83CE-F1DFCD4208F4}.DVD-5|Any CPU.Build.0 = Debug|Any CPU
		{34801C75-C666-4783-83CE-F1DFCD4208F4}.Release|Any CPU.ActiveCfg = Release|Any CPU
		{34801C75-C666-4783-83CE-F1DFCD4208F4}.Release|Any CPU.Build.0 = Release|Any CPU
		{34801C75-C666-4783-83CE-F1DFCD4208F4}.SingleImage|Any CPU.ActiveCfg = Release|Any CPU
		{34801C75-C666-4783-83CE-F1DFCD4208F4}.SingleImage|Any CPU.Build.0 = Release|Any CPU
		{5B70DAC1-0F48-4C14-85FF-1D4412032E02}.CD_ROM|Any CPU.ActiveCfg = Release|Any CPU
		{5B70DAC1-0F48-4C14-85FF-1D4412032E02}.CD_ROM|Any CPU.Build.0 = Release|Any CPU
		{5B70DAC1-0F48-4C14-85FF-1D4412032E02}.Debug|Any CPU.ActiveCfg = Debug|Any CPU
		{5B70DAC1-0F48-4C14-85FF-1D4412032E02}.Debug|Any CPU.Build.0 = Debug|Any CPU
		{5B70DAC1-0F48-4C14-85FF-1D4412032E02}.DVD-5|Any CPU.ActiveCfg = Debug|Any CPU
		{5B70DAC1-0F48-4C14-85FF-1D4412032E02}.DVD-5|Any CPU.Build.0 = Debug|Any CPU
		{5B70DAC1-0F48-4C14-85FF-1D4412032E02}.Release|Any CPU.ActiveCfg = Release|Any CPU
		{5B70DAC1-0F48-4C14-85FF-1D4412032E02}.Release|Any CPU.Build.0 = Release|Any CPU
		{5B70DAC1-0F48-4C14-85FF-1D4412032E02}.SingleImage|Any CPU.ActiveCfg = Release|Any CPU
		{5B70DAC1-0F48-4C14-85FF-1D4412032E02}.SingleImage|Any CPU.Build.0 = Release|Any CPU
		{AD26B877-4368-418B-A20B-9E796DCF6854}.CD_ROM|Any CPU.ActiveCfg = Release|Any CPU
		{AD26B877-4368-418B-A20B-9E796DCF6854}.CD_ROM|Any CPU.Build.0 = Release|Any CPU
		{AD26B877-4368-418B-A20B-9E796DCF6854}.Debug|Any CPU.ActiveCfg = Debug|Any CPU
		{AD26B877-4368-418B-A20B-9E796DCF6854}.Debug|Any CPU.Build.0 = Debug|Any CPU
		{AD26B877-4368-418B-A20B-9E796DCF6854}.DVD-5|Any CPU.ActiveCfg = Debug|Any CPU
		{AD26B877-4368-418B-A20B-9E796DCF6854}.DVD-5|Any CPU.Build.0 = Debug|Any CPU
		{AD26B877-4368-418B-A20B-9E796DCF6854}.Release|Any CPU.ActiveCfg = Release|Any CPU
		{AD26B877-4368-418B-A20B-9E796DCF6854}.Release|Any CPU.Build.0 = Release|Any CPU
		{AD26B877-4368-418B-A20B-9E796DCF6854}.SingleImage|Any CPU.ActiveCfg = Release|Any CPU
		{AD26B877-4368-418B-A20B-9E796DCF6854}.SingleImage|Any CPU.Build.0 = Release|Any CPU
		{53B3230D-C147-4E26-A5E2-2189DC13C9D2}.CD_ROM|Any CPU.ActiveCfg = Release|Any CPU
		{53B3230D-C147-4E26-A5E2-2189DC13C9D2}.CD_ROM|Any CPU.Build.0 = Release|Any CPU
		{53B3230D-C147-4E26-A5E2-2189DC13C9D2}.Debug|Any CPU.ActiveCfg = Debug|Any CPU
		{53B3230D-C147-4E26-A5E2-2189DC13C9D2}.Debug|Any CPU.Build.0 = Debug|Any CPU
		{53B3230D-C147-4E26-A5E2-2189DC13C9D2}.DVD-5|Any CPU.ActiveCfg = Debug|Any CPU
		{53B3230D-C147-4E26-A5E2-2189DC13C9D2}.DVD-5|Any CPU.Build.0 = Debug|Any CPU
		{53B3230D-C147-4E26-A5E2-2189DC13C9D2}.Release|Any CPU.ActiveCfg = Release|Any CPU
		{53B3230D-C147-4E26-A5E2-2189DC13C9D2}.Release|Any CPU.Build.0 = Release|Any CPU
		{53B3230D-C147-4E26-A5E2-2189DC13C9D2}.SingleImage|Any CPU.ActiveCfg = Release|Any CPU
		{53B3230D-C147-4E26-A5E2-2189DC13C9D2}.SingleImage|Any CPU.Build.0 = Release|Any CPU
		{D64FE817-7A39-455E-AA81-AC8201659990}.CD_ROM|Any CPU.ActiveCfg = Release|Any CPU
		{D64FE817-7A39-455E-AA81-AC8201659990}.CD_ROM|Any CPU.Build.0 = Release|Any CPU
		{D64FE817-7A39-455E-AA81-AC8201659990}.Debug|Any CPU.ActiveCfg = Debug|Any CPU
		{D64FE817-7A39-455E-AA81-AC8201659990}.Debug|Any CPU.Build.0 = Debug|Any CPU
		{D64FE817-7A39-455E-AA81-AC8201659990}.DVD-5|Any CPU.ActiveCfg = Debug|Any CPU
		{D64FE817-7A39-455E-AA81-AC8201659990}.DVD-5|Any CPU.Build.0 = Debug|Any CPU
		{D64FE817-7A39-455E-AA81-AC8201659990}.Release|Any CPU.ActiveCfg = Release|Any CPU
		{D64FE817-7A39-455E-AA81-AC8201659990}.Release|Any CPU.Build.0 = Release|Any CPU
		{D64FE817-7A39-455E-AA81-AC8201659990}.SingleImage|Any CPU.ActiveCfg = Release|Any CPU
		{D64FE817-7A39-455E-AA81-AC8201659990}.SingleImage|Any CPU.Build.0 = Release|Any CPU
		{5104D6F2-54A9-4C43-B49D-84FA2A4F7CC0}.CD_ROM|Any CPU.ActiveCfg = Release|Any CPU
		{5104D6F2-54A9-4C43-B49D-84FA2A4F7CC0}.CD_ROM|Any CPU.Build.0 = Release|Any CPU
		{5104D6F2-54A9-4C43-B49D-84FA2A4F7CC0}.Debug|Any CPU.ActiveCfg = Debug|Any CPU
		{5104D6F2-54A9-4C43-B49D-84FA2A4F7CC0}.Debug|Any CPU.Build.0 = Debug|Any CPU
		{5104D6F2-54A9-4C43-B49D-84FA2A4F7CC0}.DVD-5|Any CPU.ActiveCfg = Debug|Any CPU
		{5104D6F2-54A9-4C43-B49D-84FA2A4F7CC0}.DVD-5|Any CPU.Build.0 = Debug|Any CPU
		{5104D6F2-54A9-4C43-B49D-84FA2A4F7CC0}.Release|Any CPU.ActiveCfg = Release|Any CPU
		{5104D6F2-54A9-4C43-B49D-84FA2A4F7CC0}.Release|Any CPU.Build.0 = Release|Any CPU
		{5104D6F2-54A9-4C43-B49D-84FA2A4F7CC0}.SingleImage|Any CPU.ActiveCfg = Release|Any CPU
		{5104D6F2-54A9-4C43-B49D-84FA2A4F7CC0}.SingleImage|Any CPU.Build.0 = Release|Any CPU
		{07383CCC-B5AB-499D-AC1C-25BFA183C9B3}.CD_ROM|Any CPU.ActiveCfg = Release|Any CPU
		{07383CCC-B5AB-499D-AC1C-25BFA183C9B3}.CD_ROM|Any CPU.Build.0 = Release|Any CPU
		{07383CCC-B5AB-499D-AC1C-25BFA183C9B3}.Debug|Any CPU.ActiveCfg = Debug|Any CPU
		{07383CCC-B5AB-499D-AC1C-25BFA183C9B3}.Debug|Any CPU.Build.0 = Debug|Any CPU
		{07383CCC-B5AB-499D-AC1C-25BFA183C9B3}.DVD-5|Any CPU.ActiveCfg = Debug|Any CPU
		{07383CCC-B5AB-499D-AC1C-25BFA183C9B3}.DVD-5|Any CPU.Build.0 = Debug|Any CPU
		{07383CCC-B5AB-499D-AC1C-25BFA183C9B3}.Release|Any CPU.ActiveCfg = Release|Any CPU
		{07383CCC-B5AB-499D-AC1C-25BFA183C9B3}.Release|Any CPU.Build.0 = Release|Any CPU
		{07383CCC-B5AB-499D-AC1C-25BFA183C9B3}.SingleImage|Any CPU.ActiveCfg = Release|Any CPU
		{07383CCC-B5AB-499D-AC1C-25BFA183C9B3}.SingleImage|Any CPU.Build.0 = Release|Any CPU
		{52EA4CB2-2FE4-44AF-A638-4B1A1F9786EF}.CD_ROM|Any CPU.ActiveCfg = Release|Any CPU
		{52EA4CB2-2FE4-44AF-A638-4B1A1F9786EF}.CD_ROM|Any CPU.Build.0 = Release|Any CPU
		{52EA4CB2-2FE4-44AF-A638-4B1A1F9786EF}.Debug|Any CPU.ActiveCfg = Debug|Any CPU
		{52EA4CB2-2FE4-44AF-A638-4B1A1F9786EF}.Debug|Any CPU.Build.0 = Debug|Any CPU
		{52EA4CB2-2FE4-44AF-A638-4B1A1F9786EF}.DVD-5|Any CPU.ActiveCfg = Debug|Any CPU
		{52EA4CB2-2FE4-44AF-A638-4B1A1F9786EF}.DVD-5|Any CPU.Build.0 = Debug|Any CPU
		{52EA4CB2-2FE4-44AF-A638-4B1A1F9786EF}.Release|Any CPU.ActiveCfg = Release|Any CPU
		{52EA4CB2-2FE4-44AF-A638-4B1A1F9786EF}.Release|Any CPU.Build.0 = Release|Any CPU
		{52EA4CB2-2FE4-44AF-A638-4B1A1F9786EF}.SingleImage|Any CPU.ActiveCfg = Release|Any CPU
		{52EA4CB2-2FE4-44AF-A638-4B1A1F9786EF}.SingleImage|Any CPU.Build.0 = Release|Any CPU
		{19F6B495-CAC3-4467-A109-90452C77CC14}.CD_ROM|Any CPU.ActiveCfg = Release|Any CPU
		{19F6B495-CAC3-4467-A109-90452C77CC14}.CD_ROM|Any CPU.Build.0 = Release|Any CPU
		{19F6B495-CAC3-4467-A109-90452C77CC14}.Debug|Any CPU.ActiveCfg = Debug|Any CPU
		{19F6B495-CAC3-4467-A109-90452C77CC14}.Debug|Any CPU.Build.0 = Debug|Any CPU
		{19F6B495-CAC3-4467-A109-90452C77CC14}.DVD-5|Any CPU.ActiveCfg = Debug|Any CPU
		{19F6B495-CAC3-4467-A109-90452C77CC14}.DVD-5|Any CPU.Build.0 = Debug|Any CPU
		{19F6B495-CAC3-4467-A109-90452C77CC14}.Release|Any CPU.ActiveCfg = Release|Any CPU
		{19F6B495-CAC3-4467-A109-90452C77CC14}.Release|Any CPU.Build.0 = Release|Any CPU
		{19F6B495-CAC3-4467-A109-90452C77CC14}.SingleImage|Any CPU.ActiveCfg = Release|Any CPU
		{19F6B495-CAC3-4467-A109-90452C77CC14}.SingleImage|Any CPU.Build.0 = Release|Any CPU
		{79A83DC9-F113-437A-972C-FB42B59798A3}.CD_ROM|Any CPU.ActiveCfg = Release|Any CPU
		{79A83DC9-F113-437A-972C-FB42B59798A3}.CD_ROM|Any CPU.Build.0 = Release|Any CPU
		{79A83DC9-F113-437A-972C-FB42B59798A3}.Debug|Any CPU.ActiveCfg = Debug|Any CPU
		{79A83DC9-F113-437A-972C-FB42B59798A3}.Debug|Any CPU.Build.0 = Debug|Any CPU
		{79A83DC9-F113-437A-972C-FB42B59798A3}.DVD-5|Any CPU.ActiveCfg = Debug|Any CPU
		{79A83DC9-F113-437A-972C-FB42B59798A3}.DVD-5|Any CPU.Build.0 = Debug|Any CPU
		{79A83DC9-F113-437A-972C-FB42B59798A3}.Release|Any CPU.ActiveCfg = Release|Any CPU
		{79A83DC9-F113-437A-972C-FB42B59798A3}.Release|Any CPU.Build.0 = Release|Any CPU
		{79A83DC9-F113-437A-972C-FB42B59798A3}.SingleImage|Any CPU.ActiveCfg = Release|Any CPU
		{79A83DC9-F113-437A-972C-FB42B59798A3}.SingleImage|Any CPU.Build.0 = Release|Any CPU
		{34AEA7A5-D0DF-46F6-8893-458CFBC72F72}.CD_ROM|Any CPU.ActiveCfg = Release|Any CPU
		{34AEA7A5-D0DF-46F6-8893-458CFBC72F72}.CD_ROM|Any CPU.Build.0 = Release|Any CPU
		{34AEA7A5-D0DF-46F6-8893-458CFBC72F72}.Debug|Any CPU.ActiveCfg = Debug|Any CPU
		{34AEA7A5-D0DF-46F6-8893-458CFBC72F72}.Debug|Any CPU.Build.0 = Debug|Any CPU
		{34AEA7A5-D0DF-46F6-8893-458CFBC72F72}.DVD-5|Any CPU.ActiveCfg = Debug|Any CPU
		{34AEA7A5-D0DF-46F6-8893-458CFBC72F72}.DVD-5|Any CPU.Build.0 = Debug|Any CPU
		{34AEA7A5-D0DF-46F6-8893-458CFBC72F72}.Release|Any CPU.ActiveCfg = Release|Any CPU
		{34AEA7A5-D0DF-46F6-8893-458CFBC72F72}.Release|Any CPU.Build.0 = Release|Any CPU
		{34AEA7A5-D0DF-46F6-8893-458CFBC72F72}.SingleImage|Any CPU.ActiveCfg = Release|Any CPU
		{34AEA7A5-D0DF-46F6-8893-458CFBC72F72}.SingleImage|Any CPU.Build.0 = Release|Any CPU
		{6E2DB615-584C-42C1-A7F3-91611B891CAB}.CD_ROM|Any CPU.ActiveCfg = Release|Any CPU
		{6E2DB615-584C-42C1-A7F3-91611B891CAB}.CD_ROM|Any CPU.Build.0 = Release|Any CPU
		{6E2DB615-584C-42C1-A7F3-91611B891CAB}.Debug|Any CPU.ActiveCfg = Debug|Any CPU
		{6E2DB615-584C-42C1-A7F3-91611B891CAB}.Debug|Any CPU.Build.0 = Debug|Any CPU
		{6E2DB615-584C-42C1-A7F3-91611B891CAB}.DVD-5|Any CPU.ActiveCfg = Debug|Any CPU
		{6E2DB615-584C-42C1-A7F3-91611B891CAB}.DVD-5|Any CPU.Build.0 = Debug|Any CPU
		{6E2DB615-584C-42C1-A7F3-91611B891CAB}.Release|Any CPU.ActiveCfg = Release|Any CPU
		{6E2DB615-584C-42C1-A7F3-91611B891CAB}.Release|Any CPU.Build.0 = Release|Any CPU
		{6E2DB615-584C-42C1-A7F3-91611B891CAB}.SingleImage|Any CPU.ActiveCfg = Release|Any CPU
		{6E2DB615-584C-42C1-A7F3-91611B891CAB}.SingleImage|Any CPU.Build.0 = Release|Any CPU
		{742C9BC8-07A3-485F-9073-7D13A0877972}.CD_ROM|Any CPU.ActiveCfg = Release|Any CPU
		{742C9BC8-07A3-485F-9073-7D13A0877972}.CD_ROM|Any CPU.Build.0 = Release|Any CPU
		{742C9BC8-07A3-485F-9073-7D13A0877972}.Debug|Any CPU.ActiveCfg = Debug|Any CPU
		{742C9BC8-07A3-485F-9073-7D13A0877972}.Debug|Any CPU.Build.0 = Debug|Any CPU
		{742C9BC8-07A3-485F-9073-7D13A0877972}.DVD-5|Any CPU.ActiveCfg = Debug|Any CPU
		{742C9BC8-07A3-485F-9073-7D13A0877972}.DVD-5|Any CPU.Build.0 = Debug|Any CPU
		{742C9BC8-07A3-485F-9073-7D13A0877972}.Release|Any CPU.ActiveCfg = Release|Any CPU
		{742C9BC8-07A3-485F-9073-7D13A0877972}.Release|Any CPU.Build.0 = Release|Any CPU
		{742C9BC8-07A3-485F-9073-7D13A0877972}.SingleImage|Any CPU.ActiveCfg = Release|Any CPU
		{742C9BC8-07A3-485F-9073-7D13A0877972}.SingleImage|Any CPU.Build.0 = Release|Any CPU
		{310D2A6A-A651-4A06-8237-65C5D7D2AD00}.CD_ROM|Any CPU.ActiveCfg = Release|Any CPU
		{310D2A6A-A651-4A06-8237-65C5D7D2AD00}.CD_ROM|Any CPU.Build.0 = Release|Any CPU
		{310D2A6A-A651-4A06-8237-65C5D7D2AD00}.Debug|Any CPU.ActiveCfg = Debug|Any CPU
		{310D2A6A-A651-4A06-8237-65C5D7D2AD00}.Debug|Any CPU.Build.0 = Debug|Any CPU
		{310D2A6A-A651-4A06-8237-65C5D7D2AD00}.DVD-5|Any CPU.ActiveCfg = Debug|Any CPU
		{310D2A6A-A651-4A06-8237-65C5D7D2AD00}.DVD-5|Any CPU.Build.0 = Debug|Any CPU
		{310D2A6A-A651-4A06-8237-65C5D7D2AD00}.Release|Any CPU.ActiveCfg = Release|Any CPU
		{310D2A6A-A651-4A06-8237-65C5D7D2AD00}.Release|Any CPU.Build.0 = Release|Any CPU
		{310D2A6A-A651-4A06-8237-65C5D7D2AD00}.SingleImage|Any CPU.ActiveCfg = Release|Any CPU
		{310D2A6A-A651-4A06-8237-65C5D7D2AD00}.SingleImage|Any CPU.Build.0 = Release|Any CPU
		{F44C7724-3D28-40E3-B548-5B50F1A95096}.CD_ROM|Any CPU.ActiveCfg = Release|Any CPU
		{F44C7724-3D28-40E3-B548-5B50F1A95096}.CD_ROM|Any CPU.Build.0 = Release|Any CPU
		{F44C7724-3D28-40E3-B548-5B50F1A95096}.Debug|Any CPU.ActiveCfg = Debug|Any CPU
		{F44C7724-3D28-40E3-B548-5B50F1A95096}.Debug|Any CPU.Build.0 = Debug|Any CPU
		{F44C7724-3D28-40E3-B548-5B50F1A95096}.DVD-5|Any CPU.ActiveCfg = Debug|Any CPU
		{F44C7724-3D28-40E3-B548-5B50F1A95096}.DVD-5|Any CPU.Build.0 = Debug|Any CPU
		{F44C7724-3D28-40E3-B548-5B50F1A95096}.Release|Any CPU.ActiveCfg = Release|Any CPU
		{F44C7724-3D28-40E3-B548-5B50F1A95096}.Release|Any CPU.Build.0 = Release|Any CPU
		{F44C7724-3D28-40E3-B548-5B50F1A95096}.SingleImage|Any CPU.ActiveCfg = Release|Any CPU
		{F44C7724-3D28-40E3-B548-5B50F1A95096}.SingleImage|Any CPU.Build.0 = Release|Any CPU
		{89D6ED8F-8011-4E5A-B0D7-5DCB9F629351}.CD_ROM|Any CPU.ActiveCfg = Release|Any CPU
		{89D6ED8F-8011-4E5A-B0D7-5DCB9F629351}.CD_ROM|Any CPU.Build.0 = Release|Any CPU
		{89D6ED8F-8011-4E5A-B0D7-5DCB9F629351}.Debug|Any CPU.ActiveCfg = Debug|Any CPU
		{89D6ED8F-8011-4E5A-B0D7-5DCB9F629351}.Debug|Any CPU.Build.0 = Debug|Any CPU
		{89D6ED8F-8011-4E5A-B0D7-5DCB9F629351}.DVD-5|Any CPU.ActiveCfg = Debug|Any CPU
		{89D6ED8F-8011-4E5A-B0D7-5DCB9F629351}.DVD-5|Any CPU.Build.0 = Debug|Any CPU
		{89D6ED8F-8011-4E5A-B0D7-5DCB9F629351}.Release|Any CPU.ActiveCfg = Release|Any CPU
		{89D6ED8F-8011-4E5A-B0D7-5DCB9F629351}.Release|Any CPU.Build.0 = Release|Any CPU
		{89D6ED8F-8011-4E5A-B0D7-5DCB9F629351}.SingleImage|Any CPU.ActiveCfg = Release|Any CPU
		{89D6ED8F-8011-4E5A-B0D7-5DCB9F629351}.SingleImage|Any CPU.Build.0 = Release|Any CPU
		{A0482800-36F9-4192-A158-925987761BC9}.CD_ROM|Any CPU.ActiveCfg = Release|Any CPU
		{A0482800-36F9-4192-A158-925987761BC9}.CD_ROM|Any CPU.Build.0 = Release|Any CPU
		{A0482800-36F9-4192-A158-925987761BC9}.Debug|Any CPU.ActiveCfg = Debug|Any CPU
		{A0482800-36F9-4192-A158-925987761BC9}.Debug|Any CPU.Build.0 = Debug|Any CPU
		{A0482800-36F9-4192-A158-925987761BC9}.DVD-5|Any CPU.ActiveCfg = Debug|Any CPU
		{A0482800-36F9-4192-A158-925987761BC9}.DVD-5|Any CPU.Build.0 = Debug|Any CPU
		{A0482800-36F9-4192-A158-925987761BC9}.Release|Any CPU.ActiveCfg = Release|Any CPU
		{A0482800-36F9-4192-A158-925987761BC9}.Release|Any CPU.Build.0 = Release|Any CPU
		{A0482800-36F9-4192-A158-925987761BC9}.SingleImage|Any CPU.ActiveCfg = Release|Any CPU
		{A0482800-36F9-4192-A158-925987761BC9}.SingleImage|Any CPU.Build.0 = Release|Any CPU
		{0CA2E7B3-B0AA-4E15-AEC8-6ECED946BBF7}.CD_ROM|Any CPU.ActiveCfg = Release|Any CPU
		{0CA2E7B3-B0AA-4E15-AEC8-6ECED946BBF7}.CD_ROM|Any CPU.Build.0 = Release|Any CPU
		{0CA2E7B3-B0AA-4E15-AEC8-6ECED946BBF7}.Debug|Any CPU.ActiveCfg = Debug|Any CPU
		{0CA2E7B3-B0AA-4E15-AEC8-6ECED946BBF7}.Debug|Any CPU.Build.0 = Debug|Any CPU
		{0CA2E7B3-B0AA-4E15-AEC8-6ECED946BBF7}.DVD-5|Any CPU.ActiveCfg = Debug|Any CPU
		{0CA2E7B3-B0AA-4E15-AEC8-6ECED946BBF7}.DVD-5|Any CPU.Build.0 = Debug|Any CPU
		{0CA2E7B3-B0AA-4E15-AEC8-6ECED946BBF7}.Release|Any CPU.ActiveCfg = Release|Any CPU
		{0CA2E7B3-B0AA-4E15-AEC8-6ECED946BBF7}.Release|Any CPU.Build.0 = Release|Any CPU
		{0CA2E7B3-B0AA-4E15-AEC8-6ECED946BBF7}.SingleImage|Any CPU.ActiveCfg = Release|Any CPU
		{0CA2E7B3-B0AA-4E15-AEC8-6ECED946BBF7}.SingleImage|Any CPU.Build.0 = Release|Any CPU
		{B1B97161-49E8-4D58-87FC-148DD42F9E37}.CD_ROM|Any CPU.ActiveCfg = Release|Any CPU
		{B1B97161-49E8-4D58-87FC-148DD42F9E37}.CD_ROM|Any CPU.Build.0 = Release|Any CPU
		{B1B97161-49E8-4D58-87FC-148DD42F9E37}.Debug|Any CPU.ActiveCfg = Debug|Any CPU
		{B1B97161-49E8-4D58-87FC-148DD42F9E37}.Debug|Any CPU.Build.0 = Debug|Any CPU
		{B1B97161-49E8-4D58-87FC-148DD42F9E37}.DVD-5|Any CPU.ActiveCfg = Debug|Any CPU
		{B1B97161-49E8-4D58-87FC-148DD42F9E37}.DVD-5|Any CPU.Build.0 = Debug|Any CPU
		{B1B97161-49E8-4D58-87FC-148DD42F9E37}.Release|Any CPU.ActiveCfg = Release|Any CPU
		{B1B97161-49E8-4D58-87FC-148DD42F9E37}.Release|Any CPU.Build.0 = Release|Any CPU
		{B1B97161-49E8-4D58-87FC-148DD42F9E37}.SingleImage|Any CPU.ActiveCfg = Release|Any CPU
		{B1B97161-49E8-4D58-87FC-148DD42F9E37}.SingleImage|Any CPU.Build.0 = Release|Any CPU
		{C2A6F489-7C45-4D49-9C71-7AAC936BC724}.CD_ROM|Any CPU.ActiveCfg = Release|Any CPU
		{C2A6F489-7C45-4D49-9C71-7AAC936BC724}.CD_ROM|Any CPU.Build.0 = Release|Any CPU
		{C2A6F489-7C45-4D49-9C71-7AAC936BC724}.Debug|Any CPU.ActiveCfg = Debug|Any CPU
		{C2A6F489-7C45-4D49-9C71-7AAC936BC724}.Debug|Any CPU.Build.0 = Debug|Any CPU
		{C2A6F489-7C45-4D49-9C71-7AAC936BC724}.DVD-5|Any CPU.ActiveCfg = Debug|Any CPU
		{C2A6F489-7C45-4D49-9C71-7AAC936BC724}.DVD-5|Any CPU.Build.0 = Debug|Any CPU
		{C2A6F489-7C45-4D49-9C71-7AAC936BC724}.Release|Any CPU.ActiveCfg = Release|Any CPU
		{C2A6F489-7C45-4D49-9C71-7AAC936BC724}.Release|Any CPU.Build.0 = Release|Any CPU
		{C2A6F489-7C45-4D49-9C71-7AAC936BC724}.SingleImage|Any CPU.ActiveCfg = Release|Any CPU
		{C2A6F489-7C45-4D49-9C71-7AAC936BC724}.SingleImage|Any CPU.Build.0 = Release|Any CPU
		{9D625F54-BAE9-49E7-BC05-CFBA1AF7E20C}.CD_ROM|Any CPU.ActiveCfg = Release|Any CPU
		{9D625F54-BAE9-49E7-BC05-CFBA1AF7E20C}.CD_ROM|Any CPU.Build.0 = Release|Any CPU
		{9D625F54-BAE9-49E7-BC05-CFBA1AF7E20C}.Debug|Any CPU.ActiveCfg = Debug|Any CPU
		{9D625F54-BAE9-49E7-BC05-CFBA1AF7E20C}.Debug|Any CPU.Build.0 = Debug|Any CPU
		{9D625F54-BAE9-49E7-BC05-CFBA1AF7E20C}.DVD-5|Any CPU.ActiveCfg = Debug|Any CPU
		{9D625F54-BAE9-49E7-BC05-CFBA1AF7E20C}.DVD-5|Any CPU.Build.0 = Debug|Any CPU
		{9D625F54-BAE9-49E7-BC05-CFBA1AF7E20C}.Release|Any CPU.ActiveCfg = Release|Any CPU
		{9D625F54-BAE9-49E7-BC05-CFBA1AF7E20C}.Release|Any CPU.Build.0 = Release|Any CPU
		{9D625F54-BAE9-49E7-BC05-CFBA1AF7E20C}.SingleImage|Any CPU.ActiveCfg = Release|Any CPU
		{9D625F54-BAE9-49E7-BC05-CFBA1AF7E20C}.SingleImage|Any CPU.Build.0 = Release|Any CPU
		{02331E59-5AD0-45F3-8CCE-308125D6BB14}.CD_ROM|Any CPU.ActiveCfg = Release|Any CPU
		{02331E59-5AD0-45F3-8CCE-308125D6BB14}.CD_ROM|Any CPU.Build.0 = Release|Any CPU
		{02331E59-5AD0-45F3-8CCE-308125D6BB14}.Debug|Any CPU.ActiveCfg = Debug|Any CPU
		{02331E59-5AD0-45F3-8CCE-308125D6BB14}.Debug|Any CPU.Build.0 = Debug|Any CPU
		{02331E59-5AD0-45F3-8CCE-308125D6BB14}.DVD-5|Any CPU.ActiveCfg = Debug|Any CPU
		{02331E59-5AD0-45F3-8CCE-308125D6BB14}.DVD-5|Any CPU.Build.0 = Debug|Any CPU
		{02331E59-5AD0-45F3-8CCE-308125D6BB14}.Release|Any CPU.ActiveCfg = Release|Any CPU
		{02331E59-5AD0-45F3-8CCE-308125D6BB14}.Release|Any CPU.Build.0 = Release|Any CPU
		{02331E59-5AD0-45F3-8CCE-308125D6BB14}.SingleImage|Any CPU.ActiveCfg = Release|Any CPU
		{02331E59-5AD0-45F3-8CCE-308125D6BB14}.SingleImage|Any CPU.Build.0 = Release|Any CPU
		{6C9485AE-3E5A-4A1E-BD6C-8964A478E611}.CD_ROM|Any CPU.ActiveCfg = Release|Any CPU
		{6C9485AE-3E5A-4A1E-BD6C-8964A478E611}.CD_ROM|Any CPU.Build.0 = Release|Any CPU
		{6C9485AE-3E5A-4A1E-BD6C-8964A478E611}.Debug|Any CPU.ActiveCfg = Debug|Any CPU
		{6C9485AE-3E5A-4A1E-BD6C-8964A478E611}.Debug|Any CPU.Build.0 = Debug|Any CPU
		{6C9485AE-3E5A-4A1E-BD6C-8964A478E611}.DVD-5|Any CPU.ActiveCfg = Debug|Any CPU
		{6C9485AE-3E5A-4A1E-BD6C-8964A478E611}.DVD-5|Any CPU.Build.0 = Debug|Any CPU
		{6C9485AE-3E5A-4A1E-BD6C-8964A478E611}.Release|Any CPU.ActiveCfg = Release|Any CPU
		{6C9485AE-3E5A-4A1E-BD6C-8964A478E611}.Release|Any CPU.Build.0 = Release|Any CPU
		{6C9485AE-3E5A-4A1E-BD6C-8964A478E611}.SingleImage|Any CPU.ActiveCfg = Release|Any CPU
		{6C9485AE-3E5A-4A1E-BD6C-8964A478E611}.SingleImage|Any CPU.Build.0 = Release|Any CPU
		{296045FB-E728-4027-AD04-F5DF72BDF030}.CD_ROM|Any CPU.ActiveCfg = Release|Any CPU
		{296045FB-E728-4027-AD04-F5DF72BDF030}.CD_ROM|Any CPU.Build.0 = Release|Any CPU
		{296045FB-E728-4027-AD04-F5DF72BDF030}.Debug|Any CPU.ActiveCfg = Debug|Any CPU
		{296045FB-E728-4027-AD04-F5DF72BDF030}.Debug|Any CPU.Build.0 = Debug|Any CPU
		{296045FB-E728-4027-AD04-F5DF72BDF030}.DVD-5|Any CPU.ActiveCfg = Debug|Any CPU
		{296045FB-E728-4027-AD04-F5DF72BDF030}.DVD-5|Any CPU.Build.0 = Debug|Any CPU
		{296045FB-E728-4027-AD04-F5DF72BDF030}.Release|Any CPU.ActiveCfg = Release|Any CPU
		{296045FB-E728-4027-AD04-F5DF72BDF030}.Release|Any CPU.Build.0 = Release|Any CPU
		{296045FB-E728-4027-AD04-F5DF72BDF030}.SingleImage|Any CPU.ActiveCfg = Release|Any CPU
		{296045FB-E728-4027-AD04-F5DF72BDF030}.SingleImage|Any CPU.Build.0 = Release|Any CPU
		{C0064388-708A-4AC4-B24F-A31E224B44A5}.CD_ROM|Any CPU.ActiveCfg = Release|Any CPU
		{C0064388-708A-4AC4-B24F-A31E224B44A5}.CD_ROM|Any CPU.Build.0 = Release|Any CPU
		{C0064388-708A-4AC4-B24F-A31E224B44A5}.Debug|Any CPU.ActiveCfg = Debug|Any CPU
		{C0064388-708A-4AC4-B24F-A31E224B44A5}.Debug|Any CPU.Build.0 = Debug|Any CPU
		{C0064388-708A-4AC4-B24F-A31E224B44A5}.DVD-5|Any CPU.ActiveCfg = Debug|Any CPU
		{C0064388-708A-4AC4-B24F-A31E224B44A5}.DVD-5|Any CPU.Build.0 = Debug|Any CPU
		{C0064388-708A-4AC4-B24F-A31E224B44A5}.Release|Any CPU.ActiveCfg = Release|Any CPU
		{C0064388-708A-4AC4-B24F-A31E224B44A5}.Release|Any CPU.Build.0 = Release|Any CPU
		{C0064388-708A-4AC4-B24F-A31E224B44A5}.SingleImage|Any CPU.ActiveCfg = Release|Any CPU
		{C0064388-708A-4AC4-B24F-A31E224B44A5}.SingleImage|Any CPU.Build.0 = Release|Any CPU
		{7D8D61FA-BE69-45F4-8F8A-0E7CE2ADA80E}.CD_ROM|Any CPU.ActiveCfg = Release|Any CPU
		{7D8D61FA-BE69-45F4-8F8A-0E7CE2ADA80E}.CD_ROM|Any CPU.Build.0 = Release|Any CPU
		{7D8D61FA-BE69-45F4-8F8A-0E7CE2ADA80E}.Debug|Any CPU.ActiveCfg = Debug|Any CPU
		{7D8D61FA-BE69-45F4-8F8A-0E7CE2ADA80E}.Debug|Any CPU.Build.0 = Debug|Any CPU
		{7D8D61FA-BE69-45F4-8F8A-0E7CE2ADA80E}.DVD-5|Any CPU.ActiveCfg = Debug|Any CPU
		{7D8D61FA-BE69-45F4-8F8A-0E7CE2ADA80E}.DVD-5|Any CPU.Build.0 = Debug|Any CPU
		{7D8D61FA-BE69-45F4-8F8A-0E7CE2ADA80E}.Release|Any CPU.ActiveCfg = Release|Any CPU
		{7D8D61FA-BE69-45F4-8F8A-0E7CE2ADA80E}.Release|Any CPU.Build.0 = Release|Any CPU
		{7D8D61FA-BE69-45F4-8F8A-0E7CE2ADA80E}.SingleImage|Any CPU.ActiveCfg = Release|Any CPU
		{7D8D61FA-BE69-45F4-8F8A-0E7CE2ADA80E}.SingleImage|Any CPU.Build.0 = Release|Any CPU
		{5DDB398E-3BFC-4CE1-881D-9081FEE17969}.CD_ROM|Any CPU.ActiveCfg = Release|Any CPU
		{5DDB398E-3BFC-4CE1-881D-9081FEE17969}.CD_ROM|Any CPU.Build.0 = Release|Any CPU
		{5DDB398E-3BFC-4CE1-881D-9081FEE17969}.Debug|Any CPU.ActiveCfg = Debug|Any CPU
		{5DDB398E-3BFC-4CE1-881D-9081FEE17969}.Debug|Any CPU.Build.0 = Debug|Any CPU
		{5DDB398E-3BFC-4CE1-881D-9081FEE17969}.DVD-5|Any CPU.ActiveCfg = Debug|Any CPU
		{5DDB398E-3BFC-4CE1-881D-9081FEE17969}.DVD-5|Any CPU.Build.0 = Debug|Any CPU
		{5DDB398E-3BFC-4CE1-881D-9081FEE17969}.Release|Any CPU.ActiveCfg = Release|Any CPU
		{5DDB398E-3BFC-4CE1-881D-9081FEE17969}.Release|Any CPU.Build.0 = Release|Any CPU
		{5DDB398E-3BFC-4CE1-881D-9081FEE17969}.SingleImage|Any CPU.ActiveCfg = Release|Any CPU
		{5DDB398E-3BFC-4CE1-881D-9081FEE17969}.SingleImage|Any CPU.Build.0 = Release|Any CPU
		{3520308C-4953-4710-A7E2-B55EA59F369B}.CD_ROM|Any CPU.ActiveCfg = Release|Any CPU
		{3520308C-4953-4710-A7E2-B55EA59F369B}.CD_ROM|Any CPU.Build.0 = Release|Any CPU
		{3520308C-4953-4710-A7E2-B55EA59F369B}.Debug|Any CPU.ActiveCfg = Debug|Any CPU
		{3520308C-4953-4710-A7E2-B55EA59F369B}.Debug|Any CPU.Build.0 = Debug|Any CPU
		{3520308C-4953-4710-A7E2-B55EA59F369B}.DVD-5|Any CPU.ActiveCfg = Debug|Any CPU
		{3520308C-4953-4710-A7E2-B55EA59F369B}.DVD-5|Any CPU.Build.0 = Debug|Any CPU
		{3520308C-4953-4710-A7E2-B55EA59F369B}.Release|Any CPU.ActiveCfg = Release|Any CPU
		{3520308C-4953-4710-A7E2-B55EA59F369B}.Release|Any CPU.Build.0 = Release|Any CPU
		{3520308C-4953-4710-A7E2-B55EA59F369B}.SingleImage|Any CPU.ActiveCfg = Release|Any CPU
		{3520308C-4953-4710-A7E2-B55EA59F369B}.SingleImage|Any CPU.Build.0 = Release|Any CPU
		{4CF5BC23-3290-4E25-9A69-8574438E7FDF}.CD_ROM|Any CPU.ActiveCfg = Release|Any CPU
		{4CF5BC23-3290-4E25-9A69-8574438E7FDF}.CD_ROM|Any CPU.Build.0 = Release|Any CPU
		{4CF5BC23-3290-4E25-9A69-8574438E7FDF}.Debug|Any CPU.ActiveCfg = Debug|Any CPU
		{4CF5BC23-3290-4E25-9A69-8574438E7FDF}.Debug|Any CPU.Build.0 = Debug|Any CPU
		{4CF5BC23-3290-4E25-9A69-8574438E7FDF}.DVD-5|Any CPU.ActiveCfg = Debug|Any CPU
		{4CF5BC23-3290-4E25-9A69-8574438E7FDF}.DVD-5|Any CPU.Build.0 = Debug|Any CPU
		{4CF5BC23-3290-4E25-9A69-8574438E7FDF}.Release|Any CPU.ActiveCfg = Release|Any CPU
		{4CF5BC23-3290-4E25-9A69-8574438E7FDF}.Release|Any CPU.Build.0 = Release|Any CPU
		{4CF5BC23-3290-4E25-9A69-8574438E7FDF}.SingleImage|Any CPU.ActiveCfg = Release|Any CPU
		{4CF5BC23-3290-4E25-9A69-8574438E7FDF}.SingleImage|Any CPU.Build.0 = Release|Any CPU
		{D36B7611-6ECE-4C1C-9885-D0C4B0049372}.CD_ROM|Any CPU.ActiveCfg = Release|Any CPU
		{D36B7611-6ECE-4C1C-9885-D0C4B0049372}.CD_ROM|Any CPU.Build.0 = Release|Any CPU
		{D36B7611-6ECE-4C1C-9885-D0C4B0049372}.Debug|Any CPU.ActiveCfg = Debug|Any CPU
		{D36B7611-6ECE-4C1C-9885-D0C4B0049372}.Debug|Any CPU.Build.0 = Debug|Any CPU
		{D36B7611-6ECE-4C1C-9885-D0C4B0049372}.DVD-5|Any CPU.ActiveCfg = Debug|Any CPU
		{D36B7611-6ECE-4C1C-9885-D0C4B0049372}.DVD-5|Any CPU.Build.0 = Debug|Any CPU
		{D36B7611-6ECE-4C1C-9885-D0C4B0049372}.Release|Any CPU.ActiveCfg = Release|Any CPU
		{D36B7611-6ECE-4C1C-9885-D0C4B0049372}.Release|Any CPU.Build.0 = Release|Any CPU
		{D36B7611-6ECE-4C1C-9885-D0C4B0049372}.SingleImage|Any CPU.ActiveCfg = Release|Any CPU
		{D36B7611-6ECE-4C1C-9885-D0C4B0049372}.SingleImage|Any CPU.Build.0 = Release|Any CPU
	EndGlobalSection
	GlobalSection(SolutionProperties) = preSolution
		HideSolutionNode = FALSE
	EndGlobalSection
	GlobalSection(NestedProjects) = preSolution
		{78C2A3DC-67BD-4746-8669-1A91C25F3CFB} = {B8D1BF86-90C2-4FE8-9EB8-24FE057ACA82}
		{6D37D32D-9D22-4D3E-80F2-778867432F80} = {B8D1BF86-90C2-4FE8-9EB8-24FE057ACA82}
		{183AC6CE-1574-4BD3-BB4A-3365A5A8F73A} = {086AD4EF-259F-4626-B660-F0E4A4AFE41B}
		{7CD265ED-F0A1-423A-9AC5-B6E41A66F858} = {78C2A3DC-67BD-4746-8669-1A91C25F3CFB}
		{A8B01F62-FA2B-4345-9E89-5CCD828BD9D1} = {086AD4EF-259F-4626-B660-F0E4A4AFE41B}
		{34801C75-C666-4783-83CE-F1DFCD4208F4} = {A8B01F62-FA2B-4345-9E89-5CCD828BD9D1}
		{90D6828D-A42C-4454-92F9-64041D179653} = {086AD4EF-259F-4626-B660-F0E4A4AFE41B}
		{5B70DAC1-0F48-4C14-85FF-1D4412032E02} = {90D6828D-A42C-4454-92F9-64041D179653}
		{CD0AFF5F-05D1-486B-BADC-23DF00398353} = {086AD4EF-259F-4626-B660-F0E4A4AFE41B}
		{AD26B877-4368-418B-A20B-9E796DCF6854} = {CD0AFF5F-05D1-486B-BADC-23DF00398353}
		{53B3230D-C147-4E26-A5E2-2189DC13C9D2} = {2C9EA76F-3605-49D7-BB5C-5A6F412DCE05}
		{0B471E6A-7A1F-4260-AD9B-4DC58FC8C23C} = {086AD4EF-259F-4626-B660-F0E4A4AFE41B}
		{D64FE817-7A39-455E-AA81-AC8201659990} = {0B471E6A-7A1F-4260-AD9B-4DC58FC8C23C}
		{C210A9C9-92BD-41DF-A821-4C21EAF3E483} = {086AD4EF-259F-4626-B660-F0E4A4AFE41B}
		{5104D6F2-54A9-4C43-B49D-84FA2A4F7CC0} = {C210A9C9-92BD-41DF-A821-4C21EAF3E483}
		{07383CCC-B5AB-499D-AC1C-25BFA183C9B3} = {183AC6CE-1574-4BD3-BB4A-3365A5A8F73A}
		{50E37B12-BA6B-4105-88B0-B1B35174B837} = {086AD4EF-259F-4626-B660-F0E4A4AFE41B}
		{52EA4CB2-2FE4-44AF-A638-4B1A1F9786EF} = {50E37B12-BA6B-4105-88B0-B1B35174B837}
		{19F6B495-CAC3-4467-A109-90452C77CC14} = {183AC6CE-1574-4BD3-BB4A-3365A5A8F73A}
		{79A83DC9-F113-437A-972C-FB42B59798A3} = {50E37B12-BA6B-4105-88B0-B1B35174B837}
		{34AEA7A5-D0DF-46F6-8893-458CFBC72F72} = {183AC6CE-1574-4BD3-BB4A-3365A5A8F73A}
		{6E2DB615-584C-42C1-A7F3-91611B891CAB} = {183AC6CE-1574-4BD3-BB4A-3365A5A8F73A}
		{742C9BC8-07A3-485F-9073-7D13A0877972} = {2C9EA76F-3605-49D7-BB5C-5A6F412DCE05}
		{310D2A6A-A651-4A06-8237-65C5D7D2AD00} = {183AC6CE-1574-4BD3-BB4A-3365A5A8F73A}
		{F44C7724-3D28-40E3-B548-5B50F1A95096} = {2C9EA76F-3605-49D7-BB5C-5A6F412DCE05}
		{89D6ED8F-8011-4E5A-B0D7-5DCB9F629351} = {183AC6CE-1574-4BD3-BB4A-3365A5A8F73A}
		{A0482800-36F9-4192-A158-925987761BC9} = {2C9EA76F-3605-49D7-BB5C-5A6F412DCE05}
		{0CA2E7B3-B0AA-4E15-AEC8-6ECED946BBF7} = {183AC6CE-1574-4BD3-BB4A-3365A5A8F73A}
		{B1B97161-49E8-4D58-87FC-148DD42F9E37} = {2C9EA76F-3605-49D7-BB5C-5A6F412DCE05}
		{C2A6F489-7C45-4D49-9C71-7AAC936BC724} = {2C9EA76F-3605-49D7-BB5C-5A6F412DCE05}
		{9D625F54-BAE9-49E7-BC05-CFBA1AF7E20C} = {183AC6CE-1574-4BD3-BB4A-3365A5A8F73A}
		{02331E59-5AD0-45F3-8CCE-308125D6BB14} = {50E37B12-BA6B-4105-88B0-B1B35174B837}
		{5CF8441F-17FA-4C84-89E9-6264224E1F00} = {7830B8CA-7D61-4E9E-B6F8-54ECEAAEA5DB}
		{86708675-053F-49A9-B569-9D7BAAC8C45E} = {7830B8CA-7D61-4E9E-B6F8-54ECEAAEA5DB}
		{6C9485AE-3E5A-4A1E-BD6C-8964A478E611} = {5CF8441F-17FA-4C84-89E9-6264224E1F00}
		{296045FB-E728-4027-AD04-F5DF72BDF030} = {5CF8441F-17FA-4C84-89E9-6264224E1F00}
		{C0064388-708A-4AC4-B24F-A31E224B44A5} = {5CF8441F-17FA-4C84-89E9-6264224E1F00}
		{7D8D61FA-BE69-45F4-8F8A-0E7CE2ADA80E} = {86708675-053F-49A9-B569-9D7BAAC8C45E}
		{5DDB398E-3BFC-4CE1-881D-9081FEE17969} = {86708675-053F-49A9-B569-9D7BAAC8C45E}
		{3520308C-4953-4710-A7E2-B55EA59F369B} = {86708675-053F-49A9-B569-9D7BAAC8C45E}
		{3C541F2C-4D6D-4355-BE78-E48219CDAD08} = {7830B8CA-7D61-4E9E-B6F8-54ECEAAEA5DB}
		{4CF5BC23-3290-4E25-9A69-8574438E7FDF} = {3C541F2C-4D6D-4355-BE78-E48219CDAD08}
		{D36B7611-6ECE-4C1C-9885-D0C4B0049372} = {3C541F2C-4D6D-4355-BE78-E48219CDAD08}
	EndGlobalSection
	GlobalSection(ExtensibilityGlobals) = postSolution
		SolutionGuid = {7F51D2B4-FA00-4512-A895-9DB78BC61F70}
	EndGlobalSection
EndGlobal
